# THIS IS AN AUTOGENERATED FILE. DO NOT EDIT THIS FILE DIRECTLY.
# yarn lockfile v1


"@polymer/app-layout@3.0.0-pre.16":
  version "3.0.0-pre.16"
  resolved "https://registry.yarnpkg.com/@polymer/app-layout/-/app-layout-3.0.0-pre.16.tgz#5b275a185a9ac73fb9cb31bb7ab7d37f545c9abe"
  dependencies:
    "@polymer/iron-flex-layout" "^3.0.0-pre.16"
    "@polymer/iron-media-query" "^3.0.0-pre.16"
    "@polymer/iron-resizable-behavior" "^3.0.0-pre.16"
    "@polymer/iron-scroll-target-behavior" "^3.0.0-pre.16"
    "@polymer/polymer" "^3.0.0-pre.13"

"@polymer/app-route@3.0.0-pre.16", "@polymer/app-route@^3.0.0-pre.1":
  version "3.0.0-pre.16"
  resolved "https://registry.yarnpkg.com/@polymer/app-route/-/app-route-3.0.0-pre.16.tgz#dfa48d6e624e9c424191f7885c4505e8744e967b"
  dependencies:
    "@polymer/iron-location" "^3.0.0-pre.16"
    "@polymer/polymer" "^3.0.0-pre.13"

"@polymer/font-roboto@^3.0.0-pre.16":
  version "3.0.0-pre.16"
  resolved "https://registry.yarnpkg.com/@polymer/font-roboto/-/font-roboto-3.0.0-pre.16.tgz#2d9b4ddac6c1c4071aeb1d6e2079e96bf614e62f"

"@polymer/iron-a11y-announcer@^3.0.0-pre.16":
  version "3.0.0-pre.16"
  resolved "https://registry.yarnpkg.com/@polymer/iron-a11y-announcer/-/iron-a11y-announcer-3.0.0-pre.16.tgz#1546039c3ffbaa0dd31834a3b8f94e88d6a7d604"
  dependencies:
    "@polymer/polymer" "^3.0.0-pre.13"

"@polymer/iron-a11y-keys-behavior@^3.0.0-pre.16":
  version "3.0.0-pre.16"
  resolved "https://registry.yarnpkg.com/@polymer/iron-a11y-keys-behavior/-/iron-a11y-keys-behavior-3.0.0-pre.16.tgz#7ebc7bec359947bad234fbfdee1631d4a1abae4a"
  dependencies:
    "@polymer/polymer" "^3.0.0-pre.13"

"@polymer/iron-autogrow-textarea@^3.0.0-pre.16":
  version "3.0.0-pre.16"
  resolved "https://registry.yarnpkg.com/@polymer/iron-autogrow-textarea/-/iron-autogrow-textarea-3.0.0-pre.16.tgz#e75ce94ff3282488f17beb37fdf3c9d817842108"
  dependencies:
    "@polymer/iron-behaviors" "^3.0.0-pre.16"
    "@polymer/iron-flex-layout" "^3.0.0-pre.16"
    "@polymer/iron-validatable-behavior" "^3.0.0-pre.16"
    "@polymer/polymer" "^3.0.0-pre.13"

"@polymer/iron-behaviors@^3.0.0-pre.16":
  version "3.0.0-pre.16"
  resolved "https://registry.yarnpkg.com/@polymer/iron-behaviors/-/iron-behaviors-3.0.0-pre.16.tgz#6ccaebe40cd0420ce3bde45a416182efe5925939"
  dependencies:
    "@polymer/iron-a11y-keys-behavior" "^3.0.0-pre.16"
    "@polymer/polymer" "^3.0.0-pre.13"

"@polymer/iron-checked-element-behavior@^3.0.0-pre.16":
  version "3.0.0-pre.16"
  resolved "https://registry.yarnpkg.com/@polymer/iron-checked-element-behavior/-/iron-checked-element-behavior-3.0.0-pre.16.tgz#248697f61a584557d09a1733f5f3829298768a54"
  dependencies:
    "@polymer/iron-form-element-behavior" "^3.0.0-pre.16"
    "@polymer/iron-validatable-behavior" "^3.0.0-pre.16"
    "@polymer/polymer" "^3.0.0-pre.13"

"@polymer/iron-fit-behavior@^3.0.0-pre.16":
  version "3.0.0-pre.16"
  resolved "https://registry.yarnpkg.com/@polymer/iron-fit-behavior/-/iron-fit-behavior-3.0.0-pre.16.tgz#f69c7dc248df0931c7f507ee8a53c77848de153a"
  dependencies:
    "@polymer/polymer" "^3.0.0-pre.13"

"@polymer/iron-flex-layout@^3.0.0-pre.16":
  version "3.0.0-pre.16"
  resolved "https://registry.yarnpkg.com/@polymer/iron-flex-layout/-/iron-flex-layout-3.0.0-pre.16.tgz#0f1884ddeade56e0ecb50089bc8e286a8f29c8a7"
  dependencies:
    "@polymer/polymer" "^3.0.0-pre.13"

"@polymer/iron-form-element-behavior@^3.0.0-pre.16":
  version "3.0.0-pre.16"
  resolved "https://registry.yarnpkg.com/@polymer/iron-form-element-behavior/-/iron-form-element-behavior-3.0.0-pre.16.tgz#ff799b7cd14973c38cafe979ca3f8f35bcee3d80"
  dependencies:
    "@polymer/polymer" "^3.0.0-pre.13"

"@polymer/iron-icon@^3.0.0-pre.1", "@polymer/iron-icon@^3.0.0-pre.16":
  version "3.0.0-pre.16"
  resolved "https://registry.yarnpkg.com/@polymer/iron-icon/-/iron-icon-3.0.0-pre.16.tgz#efba58c18f1282e80f1ec98475d5577b97b145fa"
  dependencies:
    "@polymer/iron-flex-layout" "^3.0.0-pre.16"
    "@polymer/iron-meta" "^3.0.0-pre.16"
    "@polymer/polymer" "^3.0.0-pre.13"

"@polymer/iron-icons@3.0.0-pre.16", "@polymer/iron-icons@^3.0.0-pre.1":
  version "3.0.0-pre.16"
  resolved "https://registry.yarnpkg.com/@polymer/iron-icons/-/iron-icons-3.0.0-pre.16.tgz#03997246d012fdfa8abf0af7e96070d063d088e7"
  dependencies:
    "@polymer/iron-icon" "^3.0.0-pre.16"
    "@polymer/iron-iconset-svg" "^3.0.0-pre.16"
    "@polymer/polymer" "^3.0.0-pre.13"

"@polymer/iron-iconset-svg@^3.0.0-pre.1", "@polymer/iron-iconset-svg@^3.0.0-pre.16":
  version "3.0.0-pre.16"
  resolved "https://registry.yarnpkg.com/@polymer/iron-iconset-svg/-/iron-iconset-svg-3.0.0-pre.16.tgz#d4030630ade0bef52f1620f9d104d9a77f6b4b37"
  dependencies:
    "@polymer/iron-meta" "^3.0.0-pre.16"
    "@polymer/polymer" "^3.0.0-pre.13"

"@polymer/iron-input@^3.0.0-pre.16":
  version "3.0.0-pre.16"
  resolved "https://registry.yarnpkg.com/@polymer/iron-input/-/iron-input-3.0.0-pre.16.tgz#a89c23d3e8f8ad0568a02c0384fcbab972c56a0d"
  dependencies:
    "@polymer/iron-a11y-announcer" "^3.0.0-pre.16"
    "@polymer/iron-validatable-behavior" "^3.0.0-pre.16"
    "@polymer/polymer" "^3.0.0-pre.13"

"@polymer/iron-location@^3.0.0-pre.16":
  version "3.0.0-pre.16"
  resolved "https://registry.yarnpkg.com/@polymer/iron-location/-/iron-location-3.0.0-pre.16.tgz#ebd2a4083b765d910ad64901d6ec1294159ff7b7"
  dependencies:
    "@polymer/polymer" "^3.0.0-pre.13"

"@polymer/iron-media-query@3.0.0-pre.16", "@polymer/iron-media-query@^3.0.0-pre.16":
  version "3.0.0-pre.16"
  resolved "https://registry.yarnpkg.com/@polymer/iron-media-query/-/iron-media-query-3.0.0-pre.16.tgz#d8d9f70668e0f9e9f4c47d6d7d60a66a998f72fa"
  dependencies:
    "@polymer/polymer" "^3.0.0-pre.13"

"@polymer/iron-menu-behavior@^3.0.0-pre.16":
  version "3.0.0-pre.16"
  resolved "https://registry.yarnpkg.com/@polymer/iron-menu-behavior/-/iron-menu-behavior-3.0.0-pre.16.tgz#5bb1ed250153288d4a8d62c8d870823a6c50ff8f"
  dependencies:
    "@polymer/iron-a11y-keys-behavior" "^3.0.0-pre.16"
    "@polymer/iron-flex-layout" "^3.0.0-pre.16"
    "@polymer/iron-selector" "^3.0.0-pre.16"
    "@polymer/polymer" "^3.0.0-pre.13"

"@polymer/iron-meta@^3.0.0-pre.16":
  version "3.0.0-pre.16"
  resolved "https://registry.yarnpkg.com/@polymer/iron-meta/-/iron-meta-3.0.0-pre.16.tgz#5044b58b03ceab6585f2bd1efa778f21507ef43e"
  dependencies:
    "@polymer/polymer" "^3.0.0-pre.13"

"@polymer/iron-overlay-behavior@^3.0.0-pre.16":
  version "3.0.0-pre.16"
  resolved "https://registry.yarnpkg.com/@polymer/iron-overlay-behavior/-/iron-overlay-behavior-3.0.0-pre.16.tgz#1c5db8776021e73d1b7781f306bf25289a4e2e9a"
  dependencies:
    "@polymer/iron-a11y-keys-behavior" "^3.0.0-pre.16"
    "@polymer/iron-fit-behavior" "^3.0.0-pre.16"
    "@polymer/iron-resizable-behavior" "^3.0.0-pre.16"
    "@polymer/polymer" "^3.0.0-pre.13"

"@polymer/iron-pages@3.0.0-pre.16":
  version "3.0.0-pre.16"
  resolved "https://registry.yarnpkg.com/@polymer/iron-pages/-/iron-pages-3.0.0-pre.16.tgz#28c67914fe3b317440067260284bf7809845f546"
  dependencies:
    "@polymer/iron-resizable-behavior" "^3.0.0-pre.16"
    "@polymer/iron-selector" "^3.0.0-pre.16"
    "@polymer/polymer" "^3.0.0-pre.13"

"@polymer/iron-resizable-behavior@^3.0.0-pre.16":
  version "3.0.0-pre.16"
  resolved "https://registry.yarnpkg.com/@polymer/iron-resizable-behavior/-/iron-resizable-behavior-3.0.0-pre.16.tgz#952f7d6af109a57d7f4814f12b2dd5fb88c3c433"
  dependencies:
    "@polymer/polymer" "^3.0.0-pre.13"

"@polymer/iron-scroll-target-behavior@^3.0.0-pre.16":
  version "3.0.0-pre.16"
  resolved "https://registry.yarnpkg.com/@polymer/iron-scroll-target-behavior/-/iron-scroll-target-behavior-3.0.0-pre.16.tgz#2c24835d002a53bcb8ba0b6030edac712f1bce49"
  dependencies:
    "@polymer/polymer" "^3.0.0-pre.13"

"@polymer/iron-selector@^3.0.0-pre.16":
  version "3.0.0-pre.16"
  resolved "https://registry.yarnpkg.com/@polymer/iron-selector/-/iron-selector-3.0.0-pre.16.tgz#9874ccdad256bfec1e106b6d3f8a673c449265ea"
  dependencies:
    "@polymer/polymer" "^3.0.0-pre.13"

"@polymer/iron-validatable-behavior@^3.0.0-pre.16":
  version "3.0.0-pre.16"
  resolved "https://registry.yarnpkg.com/@polymer/iron-validatable-behavior/-/iron-validatable-behavior-3.0.0-pre.16.tgz#03f9e3faa727161acbfb94b14f5e6045afc2234a"
  dependencies:
    "@polymer/iron-meta" "^3.0.0-pre.16"
    "@polymer/polymer" "^3.0.0-pre.13"

"@polymer/paper-behaviors@^3.0.0-pre.16":
  version "3.0.0-pre.16"
  resolved "https://registry.yarnpkg.com/@polymer/paper-behaviors/-/paper-behaviors-3.0.0-pre.16.tgz#e08a564d91dce4f8b9bb4eb93d95b526ae254736"
  dependencies:
    "@polymer/iron-behaviors" "^3.0.0-pre.16"
    "@polymer/iron-checked-element-behavior" "^3.0.0-pre.16"
    "@polymer/paper-ripple" "^3.0.0-pre.16"
    "@polymer/polymer" "^3.0.0-pre.13"

"@polymer/paper-button@3.0.0-pre.16":
  version "3.0.0-pre.16"
  resolved "https://registry.yarnpkg.com/@polymer/paper-button/-/paper-button-3.0.0-pre.16.tgz#4dc29c667bb0efedbe2879c531656e8bbbe2070e"
  dependencies:
    "@polymer/iron-flex-layout" "^3.0.0-pre.16"
    "@polymer/paper-behaviors" "^3.0.0-pre.16"
    "@polymer/paper-styles" "^3.0.0-pre.16"
    "@polymer/polymer" "^3.0.0-pre.13"

"@polymer/paper-checkbox@3.0.0-pre.16":
  version "3.0.0-pre.16"
  resolved "https://registry.yarnpkg.com/@polymer/paper-checkbox/-/paper-checkbox-3.0.0-pre.16.tgz#0699d365e9c5033c9b1c412075d2ddfc3707b5bc"
  dependencies:
    "@polymer/iron-a11y-keys-behavior" "^3.0.0-pre.16"
    "@polymer/iron-checked-element-behavior" "^3.0.0-pre.16"
    "@polymer/paper-behaviors" "^3.0.0-pre.16"
    "@polymer/paper-ripple" "^3.0.0-pre.16"
    "@polymer/paper-styles" "^3.0.0-pre.16"
    "@polymer/polymer" "^3.0.0-pre.13"

"@polymer/paper-icon-button@3.0.0-pre.16", "@polymer/paper-icon-button@^3.0.0-pre.1", "@polymer/paper-icon-button@^3.0.0-pre.16":
  version "3.0.0-pre.16"
  resolved "https://registry.yarnpkg.com/@polymer/paper-icon-button/-/paper-icon-button-3.0.0-pre.16.tgz#673c3860bc3c29bed52e387772573447fa77bd2d"
  dependencies:
    "@polymer/iron-icon" "^3.0.0-pre.16"
    "@polymer/paper-behaviors" "^3.0.0-pre.16"
    "@polymer/paper-styles" "^3.0.0-pre.16"
    "@polymer/polymer" "^3.0.0-pre.13"

"@polymer/paper-input@3.0.0-pre.16":
  version "3.0.0-pre.16"
  resolved "https://registry.yarnpkg.com/@polymer/paper-input/-/paper-input-3.0.0-pre.16.tgz#516f1529588057a033df8727232bb43d95147fcf"
  dependencies:
    "@polymer/iron-a11y-keys-behavior" "^3.0.0-pre.16"
    "@polymer/iron-autogrow-textarea" "^3.0.0-pre.16"
    "@polymer/iron-behaviors" "^3.0.0-pre.16"
    "@polymer/iron-form-element-behavior" "^3.0.0-pre.16"
    "@polymer/iron-input" "^3.0.0-pre.16"
    "@polymer/paper-styles" "^3.0.0-pre.16"
    "@polymer/polymer" "^3.0.0-pre.13"

"@polymer/paper-material@3.0.0-pre.16":
  version "3.0.0-pre.16"
  resolved "https://registry.yarnpkg.com/@polymer/paper-material/-/paper-material-3.0.0-pre.16.tgz#f984ad2781e021f26b0f6120ba6f0c4514d0c652"
  dependencies:
    "@polymer/paper-styles" "^3.0.0-pre.16"
    "@polymer/polymer" "^3.0.0-pre.13"

"@polymer/paper-ripple@^3.0.0-pre.16":
  version "3.0.0-pre.16"
  resolved "https://registry.yarnpkg.com/@polymer/paper-ripple/-/paper-ripple-3.0.0-pre.16.tgz#5784a0395ec06450b459d7a8d507fb68d846bb53"
  dependencies:
    "@polymer/iron-a11y-keys-behavior" "^3.0.0-pre.16"
    "@polymer/polymer" "^3.0.0-pre.13"

"@polymer/paper-spinner@3.0.0-pre.16":
  version "3.0.0-pre.16"
  resolved "https://registry.yarnpkg.com/@polymer/paper-spinner/-/paper-spinner-3.0.0-pre.16.tgz#75d37f16c4cbe2fcf21425b7c24d9d6fcdf71f1b"
  dependencies:
    "@polymer/paper-styles" "^3.0.0-pre.16"
    "@polymer/polymer" "^3.0.0-pre.13"

"@polymer/paper-styles@3.0.0-pre.16", "@polymer/paper-styles@^3.0.0-pre.16":
  version "3.0.0-pre.16"
  resolved "https://registry.yarnpkg.com/@polymer/paper-styles/-/paper-styles-3.0.0-pre.16.tgz#95040d1f26b489337a8379ca4607677cfed5e1af"
  dependencies:
    "@polymer/font-roboto" "^3.0.0-pre.16"
    "@polymer/iron-flex-layout" "^3.0.0-pre.16"
    "@polymer/polymer" "^3.0.0-pre.13"

"@polymer/paper-tabs@3.0.0-pre.16":
  version "3.0.0-pre.16"
  resolved "https://registry.yarnpkg.com/@polymer/paper-tabs/-/paper-tabs-3.0.0-pre.16.tgz#04d56b0d07bbdf67a555abe0c7e81a4ff86e50d6"
  dependencies:
    "@polymer/iron-behaviors" "^3.0.0-pre.16"
    "@polymer/iron-flex-layout" "^3.0.0-pre.16"
    "@polymer/iron-icon" "^3.0.0-pre.16"
    "@polymer/iron-iconset-svg" "^3.0.0-pre.16"
    "@polymer/iron-menu-behavior" "^3.0.0-pre.16"
    "@polymer/iron-resizable-behavior" "^3.0.0-pre.16"
    "@polymer/paper-behaviors" "^3.0.0-pre.16"
    "@polymer/paper-icon-button" "^3.0.0-pre.16"
    "@polymer/paper-styles" "^3.0.0-pre.16"
    "@polymer/polymer" "^3.0.0-pre.13"

"@polymer/paper-toast@3.0.0-pre.16":
  version "3.0.0-pre.16"
  resolved "https://registry.yarnpkg.com/@polymer/paper-toast/-/paper-toast-3.0.0-pre.16.tgz#a8c192b814b6288ae628f186d6cf065f6940f0c5"
  dependencies:
    "@polymer/iron-a11y-announcer" "^3.0.0-pre.16"
    "@polymer/iron-fit-behavior" "^3.0.0-pre.16"
    "@polymer/iron-overlay-behavior" "^3.0.0-pre.16"
    "@polymer/polymer" "^3.0.0-pre.13"

"@polymer/polymer@3.0.0-pre.13", "@polymer/polymer@^3.0.0-pre.1", "@polymer/polymer@^3.0.0-pre.13":
  version "3.0.0-pre.13"
  resolved "https://registry.yarnpkg.com/@polymer/polymer/-/polymer-3.0.0-pre.13.tgz#1fa52303bc33157c24a9116653590663ad7173a1"
  dependencies:
    "@webcomponents/shadycss" "^1.2.0-0"

"@ucd-lib/cork-app-elastic-search@0.2.1":
  version "0.2.1"
  resolved "https://registry.yarnpkg.com/@ucd-lib/cork-app-elastic-search/-/cork-app-elastic-search-0.2.1.tgz#e97e885e425748e6099421c2604219685055bfdd"
  dependencies:
    "@ucd-lib/cork-app-utils" "^2.0.4"
    clone "^2.1.1"

"@ucd-lib/cork-app-state@0.1.0":
  version "0.1.0"
  resolved "https://registry.yarnpkg.com/@ucd-lib/cork-app-state/-/cork-app-state-0.1.0.tgz#db60b9536d836221d869022744c2c5d16b6e09a2"
  dependencies:
    "@polymer/app-route" "^3.0.0-pre.1"
    "@polymer/polymer" "^3.0.0-pre.1"
    "@ucd-lib/cork-app-utils" "^2.0.3"
    query-string "^5.0.1"

"@ucd-lib/cork-app-utils@2.0.5", "@ucd-lib/cork-app-utils@^2.0.3", "@ucd-lib/cork-app-utils@^2.0.4":
  version "2.0.5"
  resolved "https://registry.yarnpkg.com/@ucd-lib/cork-app-utils/-/cork-app-utils-2.0.5.tgz#6bda51bbac0a9b79eec539a6ed4a579640185f0d"
  dependencies:
    fs-extra "^4.0.2"
    isomorphic-fetch "^2.2.1"

"@ucd-lib/cork-pagination@2.1.0":
  version "2.1.0"
  resolved "https://registry.yarnpkg.com/@ucd-lib/cork-pagination/-/cork-pagination-2.1.0.tgz#65d35bec3917025a6fe0c5f82b4a7107d1f4c2b4"
  dependencies:
    "@polymer/iron-icons" "^3.0.0-pre.1"
    "@polymer/paper-icon-button" "^3.0.0-pre.1"
    "@polymer/polymer" "^3.0.0-pre.1"

"@ucd-lib/cork-toggle-panel@2.1.0":
  version "2.1.0"
  resolved "https://registry.yarnpkg.com/@ucd-lib/cork-toggle-panel/-/cork-toggle-panel-2.1.0.tgz#536ee9368f26db662f0340096096d88b514b208c"
  dependencies:
    "@polymer/iron-icon" "^3.0.0-pre.1"
    "@polymer/iron-icons" "^3.0.0-pre.1"
    "@polymer/polymer" "^3.0.0-pre.1"

"@ucd-lib/fin-icons@0.0.2":
  version "0.0.2"
  resolved "https://registry.yarnpkg.com/@ucd-lib/fin-icons/-/fin-icons-0.0.2.tgz#0a104bfa696b1ecb03d7204fd231b825d294a985"
  dependencies:
    "@polymer/iron-icon" "^3.0.0-pre.1"
    "@polymer/iron-iconset-svg" "^3.0.0-pre.1"
    "@polymer/polymer" "^3.0.0-pre.1"

"@ucd-lib/fin-search-box@0.1.0":
  version "0.1.0"
  resolved "https://registry.yarnpkg.com/@ucd-lib/fin-search-box/-/fin-search-box-0.1.0.tgz#acbbfeb46174f3d773839ea102ac1605b75404d6"
  dependencies:
    "@polymer/polymer" "^3.0.0-pre.1"

"@webcomponents/shadycss@1.2.0-0", "@webcomponents/shadycss@^1.2.0-0":
  version "1.2.0-0"
  resolved "https://registry.yarnpkg.com/@webcomponents/shadycss/-/shadycss-1.2.0-0.tgz#3c1dd63c934de6bb253abb6d13e658e5f08e3371"

"@webcomponents/webcomponentsjs@2.0.0-beta.2":
  version "2.0.0-beta.2"
  resolved "https://registry.yarnpkg.com/@webcomponents/webcomponentsjs/-/webcomponentsjs-2.0.0-beta.2.tgz#d9844a0bcfc5feeae94a71f45e33e32b1bd29c19"

boom@5.2.0:
  version "5.2.0"
  resolved "https://registry.yarnpkg.com/boom/-/boom-5.2.0.tgz#5dd9da6ee3a5f302077436290cb717d3f4a54e02"
  dependencies:
    hoek "4.x.x"

bytes@^3.0.0:
  version "3.0.0"
  resolved "https://registry.yarnpkg.com/bytes/-/bytes-3.0.0.tgz#d32815404d689699f85a4ea4fa8755dd13a96048"

citeproc@^2.1.200:
  version "2.1.206"
  resolved "https://registry.yarnpkg.com/citeproc/-/citeproc-2.1.206.tgz#5bc6dd8cfd759fd1b456fd6bd3e310d8e7c88fb8"

clone@^2.1.1:
  version "2.1.1"
  resolved "https://registry.yarnpkg.com/clone/-/clone-2.1.1.tgz#d217d1e961118e3ac9a4b8bba3285553bf647cdb"

decode-uri-component@^0.2.0:
  version "0.2.0"
  resolved "https://registry.yarnpkg.com/decode-uri-component/-/decode-uri-component-0.2.0.tgz#eb3913333458775cb84cd1a1fae062106bb87545"

deep-equal@^1.0.1:
  version "1.0.1"
  resolved "https://registry.yarnpkg.com/deep-equal/-/deep-equal-1.0.1.tgz#f5d260292b660e084eff4cdbc9f08ad3247448b5"

encoding@^0.1.11:
  version "0.1.12"
  resolved "https://registry.yarnpkg.com/encoding/-/encoding-0.1.12.tgz#538b66f3ee62cd1ab51ec323829d1f9480c74beb"
  dependencies:
    iconv-lite "~0.4.13"

fs-extra@^4.0.2:
  version "4.0.3"
  resolved "https://registry.yarnpkg.com/fs-extra/-/fs-extra-4.0.3.tgz#0d852122e5bc5beb453fb028e9c0c9bf36340c94"
  dependencies:
    graceful-fs "^4.1.2"
    jsonfile "^4.0.0"
    universalify "^0.1.0"

graceful-fs@^4.1.2, graceful-fs@^4.1.6:
  version "4.1.11"
  resolved "https://registry.yarnpkg.com/graceful-fs/-/graceful-fs-4.1.11.tgz#0e8bdfe4d1ddb8854d64e04ea7c00e2a026e5658"

hoek@4.x.x:
  version "4.2.1"
  resolved "https://registry.yarnpkg.com/hoek/-/hoek-4.2.1.tgz#9634502aa12c445dd5a7c5734b572bb8738aacbb"

iconv-lite@~0.4.13:
  version "0.4.22"
  resolved "https://registry.yarnpkg.com/iconv-lite/-/iconv-lite-0.4.22.tgz#c6b16b9d05bc6c307dc9303a820412995d2eea95"
  dependencies:
    safer-buffer ">= 2.1.2 < 3"

is-stream@^1.0.1:
  version "1.1.0"
  resolved "https://registry.yarnpkg.com/is-stream/-/is-stream-1.1.0.tgz#12d4a3dd4e68e0b79ceb8dbc84173ae80d91ca44"

isomorphic-fetch@^2.2.1:
  version "2.2.1"
  resolved "https://registry.yarnpkg.com/isomorphic-fetch/-/isomorphic-fetch-2.2.1.tgz#611ae1acf14f5e81f729507472819fe9733558a9"
  dependencies:
    node-fetch "^1.0.1"
    whatwg-fetch ">=0.10.0"

jsonfile@^4.0.0:
  version "4.0.0"
  resolved "https://registry.yarnpkg.com/jsonfile/-/jsonfile-4.0.0.tgz#8771aae0799b64076b76640fca058f9c10e33ecb"
  optionalDependencies:
    graceful-fs "^4.1.6"

leaflet@^1.2.0:
  version "1.3.1"
  resolved "https://registry.yarnpkg.com/leaflet/-/leaflet-1.3.1.tgz#86f336d2fb0e2d0ff446677049a5dc34cf0ea60e"

moment@^2.19.1:
  version "2.22.1"
  resolved "https://registry.yarnpkg.com/moment/-/moment-2.22.1.tgz#529a2e9bf973f259c9643d237fda84de3a26e8ad"

node-fetch@^1.0.1:
  version "1.7.3"
  resolved "https://registry.yarnpkg.com/node-fetch/-/node-fetch-1.7.3.tgz#980f6f72d85211a5347c6b2bc18c5b84c3eb47ef"
  dependencies:
    encoding "^0.1.11"
    is-stream "^1.0.1"

object-assign@^4.1.0:
  version "4.1.1"
  resolved "https://registry.yarnpkg.com/object-assign/-/object-assign-4.1.1.tgz#2109adc7965887cfc05cbbd442cac8bfbb360863"

query-string@^5.0.1:
  version "5.1.1"
  resolved "https://registry.yarnpkg.com/query-string/-/query-string-5.1.1.tgz#a78c012b71c17e05f2e3fa2319dd330682efb3cb"
  dependencies:
    decode-uri-component "^0.2.0"
    object-assign "^4.1.0"
    strict-uri-encode "^1.0.0"

"safer-buffer@>= 2.1.2 < 3":
  version "2.1.2"
  resolved "https://registry.yarnpkg.com/safer-buffer/-/safer-buffer-2.1.2.tgz#44fa161b0187b9549dd84bb91802f9bd8385cd6a"

strict-uri-encode@^1.0.0:
  version "1.1.0"
  resolved "https://registry.yarnpkg.com/strict-uri-encode/-/strict-uri-encode-1.1.0.tgz#279b225df1d582b1f54e65addd4352e18faa0713"

striptags@^3.1.1:
  version "3.1.1"
  resolved "https://registry.yarnpkg.com/striptags/-/striptags-3.1.1.tgz#c8c3e7fdd6fb4bb3a32a3b752e5b5e3e38093ebd"

universalify@^0.1.0:
  version "0.1.1"
  resolved "https://registry.yarnpkg.com/universalify/-/universalify-0.1.1.tgz#fa71badd4437af4c148841e3b3b165f9e9e590b7"

whatwg-fetch@>=0.10.0:
  version "2.0.4"
  resolved "https://registry.yarnpkg.com/whatwg-fetch/-/whatwg-fetch-2.0.4.tgz#dde6a5df315f9d39991aa17621853d720b85566f"
