# THIS IS AN AUTOGENERATED FILE. DO NOT EDIT THIS FILE DIRECTLY.
# yarn lockfile v1


"@babel/polyfill@^7.0.0-beta.46":
  version "7.0.0-beta.46"
  resolved "https://registry.yarnpkg.com/@babel/polyfill/-/polyfill-7.0.0-beta.46.tgz#5a4203a3abee8ddfb80afd3cf6f5ff1391750695"
  dependencies:
    core-js "^2.5.3"
    regenerator-runtime "^0.11.1"

"@polymer/app-layout@3.0.0-pre.18":
  version "3.0.0-pre.18"
  resolved "https://registry.yarnpkg.com/@polymer/app-layout/-/app-layout-3.0.0-pre.18.tgz#83431fbeacddd8f4adcdca9102aa037e093d222e"
  dependencies:
    "@polymer/iron-flex-layout" "^3.0.0-pre.18"
    "@polymer/iron-media-query" "^3.0.0-pre.18"
    "@polymer/iron-resizable-behavior" "^3.0.0-pre.18"
    "@polymer/iron-scroll-target-behavior" "^3.0.0-pre.18"
    "@polymer/polymer" "^3.0.0"

"@polymer/app-route@3.0.0-pre.18", "@polymer/app-route@^3.0.0-pre.1":
  version "3.0.0-pre.18"
  resolved "https://registry.yarnpkg.com/@polymer/app-route/-/app-route-3.0.0-pre.18.tgz#838038253700337186f244d8b12888e0a6e728b2"
  dependencies:
    "@polymer/iron-location" "^3.0.0-pre.18"
    "@polymer/polymer" "^3.0.0"

"@polymer/font-roboto@^3.0.0-pre.18":
  version "3.0.0-pre.19"
  resolved "https://registry.yarnpkg.com/@polymer/font-roboto/-/font-roboto-3.0.0-pre.19.tgz#d67384a000eebb2632c00c268182a8528aca4a7c"

"@polymer/iron-a11y-announcer@^3.0.0-pre.18", "@polymer/iron-a11y-announcer@^3.0.0-pre.19":
  version "3.0.0-pre.19"
  resolved "https://registry.yarnpkg.com/@polymer/iron-a11y-announcer/-/iron-a11y-announcer-3.0.0-pre.19.tgz#6a3b724df1e1cfda6f1270c359136d3e55ed7363"
  dependencies:
    "@polymer/polymer" "^3.0.0"

"@polymer/iron-a11y-keys-behavior@^3.0.0-pre.18", "@polymer/iron-a11y-keys-behavior@^3.0.0-pre.19":
  version "3.0.0-pre.19"
  resolved "https://registry.yarnpkg.com/@polymer/iron-a11y-keys-behavior/-/iron-a11y-keys-behavior-3.0.0-pre.19.tgz#4a335111c773af9c4376237be483ee196ab2d966"
  dependencies:
    "@polymer/polymer" "^3.0.0"

"@polymer/iron-autogrow-textarea@^3.0.0-pre.18":
  version "3.0.0-pre.19"
  resolved "https://registry.yarnpkg.com/@polymer/iron-autogrow-textarea/-/iron-autogrow-textarea-3.0.0-pre.19.tgz#968f421aafd098fd29167423b893427b63d9ac21"
  dependencies:
    "@polymer/iron-behaviors" "^3.0.0-pre.19"
    "@polymer/iron-flex-layout" "^3.0.0-pre.19"
    "@polymer/iron-validatable-behavior" "^3.0.0-pre.19"
    "@polymer/polymer" "^3.0.0"

"@polymer/iron-behaviors@^3.0.0-pre.18", "@polymer/iron-behaviors@^3.0.0-pre.19":
  version "3.0.0-pre.19"
  resolved "https://registry.yarnpkg.com/@polymer/iron-behaviors/-/iron-behaviors-3.0.0-pre.19.tgz#0f44cf7068f9d581b896980f18556706ea0c6eaa"
  dependencies:
    "@polymer/iron-a11y-keys-behavior" "^3.0.0-pre.19"
    "@polymer/polymer" "^3.0.0"

"@polymer/iron-checked-element-behavior@^3.0.0-pre.18", "@polymer/iron-checked-element-behavior@^3.0.0-pre.19":
  version "3.0.0-pre.19"
  resolved "https://registry.yarnpkg.com/@polymer/iron-checked-element-behavior/-/iron-checked-element-behavior-3.0.0-pre.19.tgz#c79c8529c7bddf8b3fc5da1e81c938a286e424aa"
  dependencies:
    "@polymer/iron-form-element-behavior" "^3.0.0-pre.19"
    "@polymer/iron-validatable-behavior" "^3.0.0-pre.19"
    "@polymer/polymer" "^3.0.0"

"@polymer/iron-fit-behavior@^3.0.0-pre.18", "@polymer/iron-fit-behavior@^3.0.0-pre.19":
  version "3.0.0-pre.19"
  resolved "https://registry.yarnpkg.com/@polymer/iron-fit-behavior/-/iron-fit-behavior-3.0.0-pre.19.tgz#db53546ccd0a9f2861326ff4a2f15387a648f796"
  dependencies:
    "@polymer/polymer" "^3.0.0"

"@polymer/iron-flex-layout@^3.0.0-pre.18", "@polymer/iron-flex-layout@^3.0.0-pre.19":
  version "3.0.0-pre.19"
  resolved "https://registry.yarnpkg.com/@polymer/iron-flex-layout/-/iron-flex-layout-3.0.0-pre.19.tgz#35f633ab4d4e14e44650722729128e4f5968c1e9"
  dependencies:
    "@polymer/polymer" "^3.0.0"

"@polymer/iron-form-element-behavior@^3.0.0-pre.18", "@polymer/iron-form-element-behavior@^3.0.0-pre.19":
  version "3.0.0-pre.19"
  resolved "https://registry.yarnpkg.com/@polymer/iron-form-element-behavior/-/iron-form-element-behavior-3.0.0-pre.19.tgz#0fee7892af6a79cea7ef7ef1c7f738ac9f916ec6"
  dependencies:
    "@polymer/polymer" "^3.0.0"

"@polymer/iron-icon@^3.0.0-pre.1", "@polymer/iron-icon@^3.0.0-pre.18":
  version "3.0.0-pre.19"
  resolved "https://registry.yarnpkg.com/@polymer/iron-icon/-/iron-icon-3.0.0-pre.19.tgz#8fd150463a36d3851b2b71802ebc22d48dbfa340"
  dependencies:
    "@polymer/iron-flex-layout" "^3.0.0-pre.19"
    "@polymer/iron-meta" "^3.0.0-pre.19"
    "@polymer/polymer" "^3.0.0"

"@polymer/iron-icons@3.0.0-pre.18", "@polymer/iron-icons@^3.0.0-pre.1":
  version "3.0.0-pre.18"
  resolved "https://registry.yarnpkg.com/@polymer/iron-icons/-/iron-icons-3.0.0-pre.18.tgz#106b15010772a3e0725c494a4ef46c8ca04f096e"
  dependencies:
    "@polymer/iron-icon" "^3.0.0-pre.18"
    "@polymer/iron-iconset-svg" "^3.0.0-pre.18"
    "@polymer/polymer" "^3.0.0"

"@polymer/iron-iconset-svg@^3.0.0-pre.18":
  version "3.0.0-pre.19"
  resolved "https://registry.yarnpkg.com/@polymer/iron-iconset-svg/-/iron-iconset-svg-3.0.0-pre.19.tgz#9badb0df72ade7f011e60917ef3274019006cfd0"
  dependencies:
    "@polymer/iron-meta" "^3.0.0-pre.19"
    "@polymer/polymer" "^3.0.0"

"@polymer/iron-input@^3.0.0-pre.18":
  version "3.0.0-pre.19"
  resolved "https://registry.yarnpkg.com/@polymer/iron-input/-/iron-input-3.0.0-pre.19.tgz#4bcac205f927495d775a44e628013bb76ff78706"
  dependencies:
    "@polymer/iron-a11y-announcer" "^3.0.0-pre.19"
    "@polymer/iron-validatable-behavior" "^3.0.0-pre.19"
    "@polymer/polymer" "^3.0.0"

"@polymer/iron-list@^3.0.0-pre.19":
  version "3.0.0-pre.19"
  resolved "https://registry.yarnpkg.com/@polymer/iron-list/-/iron-list-3.0.0-pre.19.tgz#0ba38b663dd3649a9d5e5660af465d2ce9ecaf02"
  dependencies:
    "@polymer/iron-a11y-keys-behavior" "^3.0.0-pre.19"
    "@polymer/iron-resizable-behavior" "^3.0.0-pre.19"
    "@polymer/iron-scroll-target-behavior" "^3.0.0-pre.19"
    "@polymer/polymer" "^3.0.0"

"@polymer/iron-location@^3.0.0-pre.18":
  version "3.0.0-pre.19"
  resolved "https://registry.yarnpkg.com/@polymer/iron-location/-/iron-location-3.0.0-pre.19.tgz#092716cf677491eb0c53031eb4014f6af566694d"
  dependencies:
    "@polymer/polymer" "^3.0.0"

"@polymer/iron-media-query@3.0.0-pre.18", "@polymer/iron-media-query@^3.0.0-pre.18":
  version "3.0.0-pre.18"
  resolved "https://registry.yarnpkg.com/@polymer/iron-media-query/-/iron-media-query-3.0.0-pre.18.tgz#f56d509e540ef2f54ab22522833bab65ce34f6ac"
  dependencies:
    "@polymer/polymer" "^3.0.0"

"@polymer/iron-menu-behavior@^3.0.0-pre.18":
  version "3.0.0-pre.19"
  resolved "https://registry.yarnpkg.com/@polymer/iron-menu-behavior/-/iron-menu-behavior-3.0.0-pre.19.tgz#16f841d3a4be8df1e502d5d2ca2831b77dd598e4"
  dependencies:
    "@polymer/iron-a11y-keys-behavior" "^3.0.0-pre.19"
    "@polymer/iron-flex-layout" "^3.0.0-pre.19"
    "@polymer/iron-selector" "^3.0.0-pre.19"
    "@polymer/polymer" "^3.0.0"

"@polymer/iron-meta@^3.0.0-pre.19":
  version "3.0.0-pre.19"
  resolved "https://registry.yarnpkg.com/@polymer/iron-meta/-/iron-meta-3.0.0-pre.19.tgz#c4a70c235b87679f3487429ca69e071aacc3d002"
  dependencies:
    "@polymer/polymer" "^3.0.0"

"@polymer/iron-overlay-behavior@^3.0.0-pre.18":
  version "3.0.0-pre.19"
  resolved "https://registry.yarnpkg.com/@polymer/iron-overlay-behavior/-/iron-overlay-behavior-3.0.0-pre.19.tgz#0d15e901c30380e93351132be7b6fc35a93a5444"
  dependencies:
    "@polymer/iron-a11y-keys-behavior" "^3.0.0-pre.19"
    "@polymer/iron-fit-behavior" "^3.0.0-pre.19"
    "@polymer/iron-resizable-behavior" "^3.0.0-pre.19"
    "@polymer/polymer" "^3.0.0"

"@polymer/iron-pages@3.0.0-pre.18":
  version "3.0.0-pre.18"
  resolved "https://registry.yarnpkg.com/@polymer/iron-pages/-/iron-pages-3.0.0-pre.18.tgz#004ada1002fe71eeba3f1465c56d8856ea40f529"
  dependencies:
    "@polymer/iron-resizable-behavior" "^3.0.0-pre.18"
    "@polymer/iron-selector" "^3.0.0-pre.18"
    "@polymer/polymer" "^3.0.0"

"@polymer/iron-resizable-behavior@^3.0.0-pre.18", "@polymer/iron-resizable-behavior@^3.0.0-pre.19":
  version "3.0.0-pre.19"
  resolved "https://registry.yarnpkg.com/@polymer/iron-resizable-behavior/-/iron-resizable-behavior-3.0.0-pre.19.tgz#f36f4a11c48f07c55f4b0a77a9fb7827edf97fef"
  dependencies:
    "@polymer/polymer" "^3.0.0"

"@polymer/iron-scroll-target-behavior@^3.0.0-pre.18", "@polymer/iron-scroll-target-behavior@^3.0.0-pre.19":
  version "3.0.0-pre.19"
  resolved "https://registry.yarnpkg.com/@polymer/iron-scroll-target-behavior/-/iron-scroll-target-behavior-3.0.0-pre.19.tgz#4f13b0bd35257a2a4ba94419cc2f9431cd089789"
  dependencies:
    "@polymer/polymer" "^3.0.0"

"@polymer/iron-selector@^3.0.0-pre.18", "@polymer/iron-selector@^3.0.0-pre.19":
  version "3.0.0-pre.19"
  resolved "https://registry.yarnpkg.com/@polymer/iron-selector/-/iron-selector-3.0.0-pre.19.tgz#254156e1284a68db9f45ace6903e846c042f1242"
  dependencies:
    "@polymer/polymer" "^3.0.0"

"@polymer/iron-validatable-behavior@^3.0.0-pre.19":
  version "3.0.0-pre.19"
  resolved "https://registry.yarnpkg.com/@polymer/iron-validatable-behavior/-/iron-validatable-behavior-3.0.0-pre.19.tgz#2168f83466e85a2caa329f0b9db7060d2de38a7d"
  dependencies:
    "@polymer/iron-meta" "^3.0.0-pre.19"
    "@polymer/polymer" "^3.0.0"

"@polymer/paper-behaviors@^3.0.0-pre.18":
  version "3.0.0-pre.19"
  resolved "https://registry.yarnpkg.com/@polymer/paper-behaviors/-/paper-behaviors-3.0.0-pre.19.tgz#02fdf0accf86f3f3836b82e333776ca5e9eeb25a"
  dependencies:
    "@polymer/iron-behaviors" "^3.0.0-pre.19"
    "@polymer/iron-checked-element-behavior" "^3.0.0-pre.19"
    "@polymer/paper-ripple" "^3.0.0-pre.19"
    "@polymer/polymer" "^3.0.0"

"@polymer/paper-button@3.0.0-pre.18":
  version "3.0.0-pre.18"
  resolved "https://registry.yarnpkg.com/@polymer/paper-button/-/paper-button-3.0.0-pre.18.tgz#17615c76cf23d6640ae11deeae023d99497f7a28"
  dependencies:
    "@polymer/iron-flex-layout" "^3.0.0-pre.18"
    "@polymer/paper-behaviors" "^3.0.0-pre.18"
    "@polymer/paper-styles" "^3.0.0-pre.18"
    "@polymer/polymer" "^3.0.0"

"@polymer/paper-checkbox@3.0.0-pre.18":
  version "3.0.0-pre.18"
  resolved "https://registry.yarnpkg.com/@polymer/paper-checkbox/-/paper-checkbox-3.0.0-pre.18.tgz#20d35eebc17def576797f42345c6ea9038883973"
  dependencies:
    "@polymer/iron-a11y-keys-behavior" "^3.0.0-pre.18"
    "@polymer/iron-checked-element-behavior" "^3.0.0-pre.18"
    "@polymer/paper-behaviors" "^3.0.0-pre.18"
    "@polymer/paper-ripple" "^3.0.0-pre.18"
    "@polymer/paper-styles" "^3.0.0-pre.18"
    "@polymer/polymer" "^3.0.0"

"@polymer/paper-icon-button@3.0.0-pre.18", "@polymer/paper-icon-button@^3.0.0-pre.1", "@polymer/paper-icon-button@^3.0.0-pre.18":
  version "3.0.0-pre.18"
  resolved "https://registry.yarnpkg.com/@polymer/paper-icon-button/-/paper-icon-button-3.0.0-pre.18.tgz#c091636011d00a8761f85cc3d195a2cbd31fd1a8"
  dependencies:
    "@polymer/iron-icon" "^3.0.0-pre.18"
    "@polymer/paper-behaviors" "^3.0.0-pre.18"
    "@polymer/paper-styles" "^3.0.0-pre.18"
    "@polymer/polymer" "^3.0.0"

"@polymer/paper-input@3.0.0-pre.18":
  version "3.0.0-pre.18"
  resolved "https://registry.yarnpkg.com/@polymer/paper-input/-/paper-input-3.0.0-pre.18.tgz#4ce351eca588eadc2440cf914189f62443210847"
  dependencies:
    "@polymer/iron-a11y-keys-behavior" "^3.0.0-pre.18"
    "@polymer/iron-autogrow-textarea" "^3.0.0-pre.18"
    "@polymer/iron-behaviors" "^3.0.0-pre.18"
    "@polymer/iron-form-element-behavior" "^3.0.0-pre.18"
    "@polymer/iron-input" "^3.0.0-pre.18"
    "@polymer/paper-styles" "^3.0.0-pre.18"
    "@polymer/polymer" "^3.0.0"

"@polymer/paper-material@3.0.0-pre.18":
  version "3.0.0-pre.18"
  resolved "https://registry.yarnpkg.com/@polymer/paper-material/-/paper-material-3.0.0-pre.18.tgz#5ebc275084cbb2d40493a07162cff093154199be"
  dependencies:
    "@polymer/paper-styles" "^3.0.0-pre.18"
    "@polymer/polymer" "^3.0.0"

"@polymer/paper-ripple@^3.0.0-pre.18", "@polymer/paper-ripple@^3.0.0-pre.19":
  version "3.0.0-pre.19"
  resolved "https://registry.yarnpkg.com/@polymer/paper-ripple/-/paper-ripple-3.0.0-pre.19.tgz#9e72d59d07c954a0e3de70b44a12c66a508b80ee"
  dependencies:
    "@polymer/iron-a11y-keys-behavior" "^3.0.0-pre.19"
    "@polymer/polymer" "^3.0.0"

"@polymer/paper-spinner@3.0.0-pre.18":
  version "3.0.0-pre.18"
  resolved "https://registry.yarnpkg.com/@polymer/paper-spinner/-/paper-spinner-3.0.0-pre.18.tgz#59c80999a1b313a4801cfd3d91f6a5e4bf61ed5c"
  dependencies:
    "@polymer/paper-styles" "^3.0.0-pre.18"
    "@polymer/polymer" "^3.0.0"

"@polymer/paper-styles@3.0.0-pre.18", "@polymer/paper-styles@^3.0.0-pre.18":
  version "3.0.0-pre.18"
  resolved "https://registry.yarnpkg.com/@polymer/paper-styles/-/paper-styles-3.0.0-pre.18.tgz#732d51d9ca3d8fe59c361be4b6ea243e91c5c7d3"
  dependencies:
    "@polymer/font-roboto" "^3.0.0-pre.18"
    "@polymer/iron-flex-layout" "^3.0.0-pre.18"
    "@polymer/polymer" "^3.0.0"

"@polymer/paper-tabs@3.0.0-pre.18":
  version "3.0.0-pre.18"
  resolved "https://registry.yarnpkg.com/@polymer/paper-tabs/-/paper-tabs-3.0.0-pre.18.tgz#ca7379bea98e007329b2abf7fe06a47a0701a7ef"
  dependencies:
    "@polymer/iron-behaviors" "^3.0.0-pre.18"
    "@polymer/iron-flex-layout" "^3.0.0-pre.18"
    "@polymer/iron-icon" "^3.0.0-pre.18"
    "@polymer/iron-iconset-svg" "^3.0.0-pre.18"
    "@polymer/iron-menu-behavior" "^3.0.0-pre.18"
    "@polymer/iron-resizable-behavior" "^3.0.0-pre.18"
    "@polymer/paper-behaviors" "^3.0.0-pre.18"
    "@polymer/paper-icon-button" "^3.0.0-pre.18"
    "@polymer/paper-styles" "^3.0.0-pre.18"
    "@polymer/polymer" "^3.0.0"

"@polymer/paper-toast@3.0.0-pre.18":
  version "3.0.0-pre.18"
  resolved "https://registry.yarnpkg.com/@polymer/paper-toast/-/paper-toast-3.0.0-pre.18.tgz#8d105c148b9040a708897a863dcbf2bed1f31d27"
  dependencies:
    "@polymer/iron-a11y-announcer" "^3.0.0-pre.18"
    "@polymer/iron-fit-behavior" "^3.0.0-pre.18"
    "@polymer/iron-overlay-behavior" "^3.0.0-pre.18"
    "@polymer/polymer" "^3.0.0"

"@polymer/polymer@3.0.2", "@polymer/polymer@^3.0.0", "@polymer/polymer@^3.0.0-pre.1", "@polymer/polymer@^3.0.2":
  version "3.0.2"
  resolved "https://registry.yarnpkg.com/@polymer/polymer/-/polymer-3.0.2.tgz#626e6f9fae9716b0962ce0211e21df242153eab2"
  dependencies:
    "@webcomponents/shadycss" "^1.2.0"

"@ucd-lib/cork-app-elastic-search@0.2.1":
  version "0.2.1"
  resolved "https://registry.yarnpkg.com/@ucd-lib/cork-app-elastic-search/-/cork-app-elastic-search-0.2.1.tgz#e97e885e425748e6099421c2604219685055bfdd"
  dependencies:
    "@ucd-lib/cork-app-utils" "^2.0.4"
    clone "^2.1.1"

"@ucd-lib/cork-app-load@0.0.4":
  version "0.0.4"
  resolved "https://registry.yarnpkg.com/@ucd-lib/cork-app-load/-/cork-app-load-0.0.4.tgz#30f410eb31ad96ac19e110be4e46fa7d8708b1c6"
  dependencies:
    "@babel/polyfill" "^7.0.0-beta.46"
    "@webcomponents/webcomponentsjs" "^2.0.0"

"@ucd-lib/cork-app-state@0.1.1":
  version "0.1.1"
  resolved "https://registry.yarnpkg.com/@ucd-lib/cork-app-state/-/cork-app-state-0.1.1.tgz#106ed1978a5c8e579c8ab8f806ff8bfa83b8aaae"
  dependencies:
    "@polymer/app-route" "^3.0.0-pre.1"
    "@polymer/polymer" "^3.0.0-pre.1"
    "@ucd-lib/cork-app-utils" "^2.0.3"
    query-string "^5.0.1"

"@ucd-lib/cork-app-utils@2.0.5", "@ucd-lib/cork-app-utils@^2.0.3", "@ucd-lib/cork-app-utils@^2.0.4":
  version "2.0.5"
  resolved "https://registry.yarnpkg.com/@ucd-lib/cork-app-utils/-/cork-app-utils-2.0.5.tgz#6bda51bbac0a9b79eec539a6ed4a579640185f0d"
  dependencies:
    fs-extra "^4.0.2"
    isomorphic-fetch "^2.2.1"

"@ucd-lib/cork-pagination@2.1.1":
  version "2.1.1"
  resolved "https://registry.yarnpkg.com/@ucd-lib/cork-pagination/-/cork-pagination-2.1.1.tgz#e704e102c642f12927aafd54a83aacb4e5396e67"
  dependencies:
    "@polymer/iron-icons" "^3.0.0-pre.1"
    "@polymer/paper-icon-button" "^3.0.0-pre.1"
    "@polymer/polymer" "^3.0.0-pre.1"

"@ucd-lib/cork-toggle-panel@2.1.1":
  version "2.1.1"
  resolved "https://registry.yarnpkg.com/@ucd-lib/cork-toggle-panel/-/cork-toggle-panel-2.1.1.tgz#34768cb41d80bd1715b3b9f63e4740ef9d0a83a8"
  dependencies:
    "@polymer/iron-icon" "^3.0.0-pre.1"
    "@polymer/iron-icons" "^3.0.0-pre.1"
    "@polymer/polymer" "^3.0.0-pre.1"

"@ucd-lib/fin-icons@0.0.5":
  version "0.0.5"
  resolved "https://registry.yarnpkg.com/@ucd-lib/fin-icons/-/fin-icons-0.0.5.tgz#9757c70e887bf0b54de870ef34409d08c328f4be"
  dependencies:
    "@polymer/iron-icon" "^3.0.0-pre.18"
    "@polymer/iron-iconset-svg" "^3.0.0-pre.18"
    "@polymer/polymer" "^3.0.0"

"@ucd-lib/fin-search-box@0.1.2":
  version "0.1.2"
  resolved "https://registry.yarnpkg.com/@ucd-lib/fin-search-box/-/fin-search-box-0.1.2.tgz#9db96d9a1ae6892ddf9c12e57d1270b414d1c6ef"
  dependencies:
    "@polymer/polymer" "^3.0.0"

"@webcomponents/shadycss@1.2.0", "@webcomponents/shadycss@^1.2.0":
  version "1.2.0"
  resolved "https://registry.yarnpkg.com/@webcomponents/shadycss/-/shadycss-1.2.0.tgz#ed660f4666a1d999182a2fc6fd0fd0f37beabe25"

"@webcomponents/webcomponentsjs@2.0.0", "@webcomponents/webcomponentsjs@^2.0.0":
  version "2.0.0"
  resolved "https://registry.yarnpkg.com/@webcomponents/webcomponentsjs/-/webcomponentsjs-2.0.0.tgz#166e7489b9ce66f5c082a3360120cb27505f762f"

babel-polyfill@^6.26.0:
  version "6.26.0"
  resolved "https://registry.yarnpkg.com/babel-polyfill/-/babel-polyfill-6.26.0.tgz#379937abc67d7895970adc621f284cd966cf2153"
  dependencies:
    babel-runtime "^6.26.0"
    core-js "^2.5.0"
    regenerator-runtime "^0.10.5"

babel-runtime@^6.26.0:
  version "6.26.0"
  resolved "https://registry.yarnpkg.com/babel-runtime/-/babel-runtime-6.26.0.tgz#965c7058668e82b55d7bfe04ff2337bc8b5647fe"
  dependencies:
    core-js "^2.4.0"
    regenerator-runtime "^0.11.0"

boom@5.2.0:
  version "5.2.0"
  resolved "https://registry.yarnpkg.com/boom/-/boom-5.2.0.tgz#5dd9da6ee3a5f302077436290cb717d3f4a54e02"
  dependencies:
    hoek "4.x.x"

bytes@^3.0.0:
  version "3.0.0"
  resolved "https://registry.yarnpkg.com/bytes/-/bytes-3.0.0.tgz#d32815404d689699f85a4ea4fa8755dd13a96048"

citeproc@^2.1.200:
  version "2.1.206"
  resolved "https://registry.yarnpkg.com/citeproc/-/citeproc-2.1.206.tgz#5bc6dd8cfd759fd1b456fd6bd3e310d8e7c88fb8"

clone@^2.1.1:
  version "2.1.1"
  resolved "https://registry.yarnpkg.com/clone/-/clone-2.1.1.tgz#d217d1e961118e3ac9a4b8bba3285553bf647cdb"

core-js@^2.4.0, core-js@^2.5.0, core-js@^2.5.3:
  version "2.5.6"
  resolved "https://registry.yarnpkg.com/core-js/-/core-js-2.5.6.tgz#0fe6d45bf3cac3ac364a9d72de7576f4eb221b9d"

decode-uri-component@^0.2.0:
  version "0.2.0"
  resolved "https://registry.yarnpkg.com/decode-uri-component/-/decode-uri-component-0.2.0.tgz#eb3913333458775cb84cd1a1fae062106bb87545"

deep-equal@^1.0.1:
  version "1.0.1"
  resolved "https://registry.yarnpkg.com/deep-equal/-/deep-equal-1.0.1.tgz#f5d260292b660e084eff4cdbc9f08ad3247448b5"

encoding@^0.1.11:
  version "0.1.12"
  resolved "https://registry.yarnpkg.com/encoding/-/encoding-0.1.12.tgz#538b66f3ee62cd1ab51ec323829d1f9480c74beb"
  dependencies:
    iconv-lite "~0.4.13"

fs-extra@^4.0.2:
  version "4.0.3"
  resolved "https://registry.yarnpkg.com/fs-extra/-/fs-extra-4.0.3.tgz#0d852122e5bc5beb453fb028e9c0c9bf36340c94"
  dependencies:
    graceful-fs "^4.1.2"
    jsonfile "^4.0.0"
    universalify "^0.1.0"

graceful-fs@^4.1.2, graceful-fs@^4.1.6:
  version "4.1.11"
  resolved "https://registry.yarnpkg.com/graceful-fs/-/graceful-fs-4.1.11.tgz#0e8bdfe4d1ddb8854d64e04ea7c00e2a026e5658"

hoek@4.x.x:
  version "4.2.1"
  resolved "https://registry.yarnpkg.com/hoek/-/hoek-4.2.1.tgz#9634502aa12c445dd5a7c5734b572bb8738aacbb"

iconv-lite@~0.4.13:
  version "0.4.23"
  resolved "https://registry.yarnpkg.com/iconv-lite/-/iconv-lite-0.4.23.tgz#297871f63be507adcfbfca715d0cd0eed84e9a63"
  dependencies:
    safer-buffer ">= 2.1.2 < 3"

is-stream@^1.0.1:
  version "1.1.0"
  resolved "https://registry.yarnpkg.com/is-stream/-/is-stream-1.1.0.tgz#12d4a3dd4e68e0b79ceb8dbc84173ae80d91ca44"

isomorphic-fetch@^2.2.1:
  version "2.2.1"
  resolved "https://registry.yarnpkg.com/isomorphic-fetch/-/isomorphic-fetch-2.2.1.tgz#611ae1acf14f5e81f729507472819fe9733558a9"
  dependencies:
    node-fetch "^1.0.1"
    whatwg-fetch ">=0.10.0"

jsonfile@^4.0.0:
  version "4.0.0"
  resolved "https://registry.yarnpkg.com/jsonfile/-/jsonfile-4.0.0.tgz#8771aae0799b64076b76640fca058f9c10e33ecb"
  optionalDependencies:
    graceful-fs "^4.1.6"

leaflet@^1.2.0:
  version "1.3.1"
  resolved "https://registry.yarnpkg.com/leaflet/-/leaflet-1.3.1.tgz#86f336d2fb0e2d0ff446677049a5dc34cf0ea60e"

moment@^2.19.1:
  version "2.22.1"
  resolved "https://registry.yarnpkg.com/moment/-/moment-2.22.1.tgz#529a2e9bf973f259c9643d237fda84de3a26e8ad"

node-fetch@^1.0.1:
  version "1.7.3"
  resolved "https://registry.yarnpkg.com/node-fetch/-/node-fetch-1.7.3.tgz#980f6f72d85211a5347c6b2bc18c5b84c3eb47ef"
  dependencies:
    encoding "^0.1.11"
    is-stream "^1.0.1"

object-assign@^4.1.0:
  version "4.1.1"
  resolved "https://registry.yarnpkg.com/object-assign/-/object-assign-4.1.1.tgz#2109adc7965887cfc05cbbd442cac8bfbb360863"

query-string@^5.0.1:
  version "5.1.1"
  resolved "https://registry.yarnpkg.com/query-string/-/query-string-5.1.1.tgz#a78c012b71c17e05f2e3fa2319dd330682efb3cb"
  dependencies:
    decode-uri-component "^0.2.0"
    object-assign "^4.1.0"
    strict-uri-encode "^1.0.0"

regenerator-runtime@0.11.1, regenerator-runtime@^0.10.5, regenerator-runtime@^0.11.0, regenerator-runtime@^0.11.1:
  version "0.11.1"
  resolved "https://registry.yarnpkg.com/regenerator-runtime/-/regenerator-runtime-0.11.1.tgz#be05ad7f9bf7d22e056f9726cee5017fbf19e2e9"

"safer-buffer@>= 2.1.2 < 3":
  version "2.1.2"
  resolved "https://registry.yarnpkg.com/safer-buffer/-/safer-buffer-2.1.2.tgz#44fa161b0187b9549dd84bb91802f9bd8385cd6a"

strict-uri-encode@^1.0.0:
  version "1.1.0"
  resolved "https://registry.yarnpkg.com/strict-uri-encode/-/strict-uri-encode-1.1.0.tgz#279b225df1d582b1f54e65addd4352e18faa0713"

striptags@^3.1.1:
  version "3.1.1"
  resolved "https://registry.yarnpkg.com/striptags/-/striptags-3.1.1.tgz#c8c3e7fdd6fb4bb3a32a3b752e5b5e3e38093ebd"

universalify@^0.1.0:
  version "0.1.1"
  resolved "https://registry.yarnpkg.com/universalify/-/universalify-0.1.1.tgz#fa71badd4437af4c148841e3b3b165f9e9e590b7"

whatwg-fetch@>=0.10.0:
  version "2.0.4"
  resolved "https://registry.yarnpkg.com/whatwg-fetch/-/whatwg-fetch-2.0.4.tgz#dde6a5df315f9d39991aa17621853d720b85566f"
