# THIS IS AN AUTOGENERATED FILE. DO NOT EDIT THIS FILE DIRECTLY.
# yarn lockfile v1


"@polymer/app-layout@3.0.0-pre.7":
  version "3.0.0-pre.7"
  resolved "https://registry.yarnpkg.com/@polymer/app-layout/-/app-layout-3.0.0-pre.7.tgz#f4b7c418486c2588f2d75261ebc7c5e8f82f8934"
  dependencies:
    "@polymer/iron-flex-layout" "^3.0.0-pre.7"
    "@polymer/iron-media-query" "^3.0.0-pre.7"
    "@polymer/iron-resizable-behavior" "^3.0.0-pre.7"
    "@polymer/iron-scroll-target-behavior" "^3.0.0-pre.7"
    "@polymer/polymer" "^3.0.0-pre.7"

"@polymer/app-route@3.0.0-pre.7", "@polymer/app-route@^3.0.0-pre.1":
  version "3.0.0-pre.7"
  resolved "https://registry.yarnpkg.com/@polymer/app-route/-/app-route-3.0.0-pre.7.tgz#fd65a6a6bba58a9e9a21b452c04b52646b405323"
  dependencies:
    "@polymer/iron-location" "^3.0.0-pre.7"
    "@polymer/polymer" "^3.0.0-pre.7"

"@polymer/font-roboto@^3.0.0-pre.7":
  version "3.0.0-pre.15"
  resolved "https://registry.yarnpkg.com/@polymer/font-roboto/-/font-roboto-3.0.0-pre.15.tgz#967d6875dabaedef3c7a263a0af03d641dd03359"

"@polymer/iron-a11y-announcer@3.0.0-pre.7", "@polymer/iron-a11y-announcer@^3.0.0-pre.7":
  version "3.0.0-pre.7"
  resolved "https://registry.yarnpkg.com/@polymer/iron-a11y-announcer/-/iron-a11y-announcer-3.0.0-pre.7.tgz#a14f0157c23ac5293da320fa94ea1102e6ea9337"
  dependencies:
    "@polymer/polymer" "^3.0.0-pre.7"

"@polymer/iron-a11y-keys-behavior@3.0.0-pre.7", "@polymer/iron-a11y-keys-behavior@^3.0.0-pre.15", "@polymer/iron-a11y-keys-behavior@^3.0.0-pre.7":
  version "3.0.0-pre.7"
  resolved "https://registry.yarnpkg.com/@polymer/iron-a11y-keys-behavior/-/iron-a11y-keys-behavior-3.0.0-pre.7.tgz#c27d93a9573232a980903f6861d080167c8abfcf"
  dependencies:
    "@polymer/polymer" "^3.0.0-pre.7"

"@polymer/iron-autogrow-textarea@^3.0.0-pre.7":
  version "3.0.0-pre.15"
  resolved "https://registry.yarnpkg.com/@polymer/iron-autogrow-textarea/-/iron-autogrow-textarea-3.0.0-pre.15.tgz#b6e510aaccbde87c2381f665106b3f44389283e0"
  dependencies:
    "@polymer/iron-behaviors" "^3.0.0-pre.15"
    "@polymer/iron-flex-layout" "^3.0.0-pre.15"
    "@polymer/iron-validatable-behavior" "^3.0.0-pre.15"
    "@polymer/polymer" "^3.0.0-pre.13"

"@polymer/iron-behaviors@3.0.0-pre.7", "@polymer/iron-behaviors@^3.0.0-pre.15", "@polymer/iron-behaviors@^3.0.0-pre.7":
  version "3.0.0-pre.7"
  resolved "https://registry.yarnpkg.com/@polymer/iron-behaviors/-/iron-behaviors-3.0.0-pre.7.tgz#7a1405d326e60f658abe94b1914c7d208c36316d"
  dependencies:
    "@polymer/iron-a11y-keys-behavior" "^3.0.0-pre.7"
    "@polymer/polymer" "^3.0.0-pre.7"

"@polymer/iron-checked-element-behavior@3.0.0-pre.7", "@polymer/iron-checked-element-behavior@^3.0.0-pre.7":
  version "3.0.0-pre.7"
  resolved "https://registry.yarnpkg.com/@polymer/iron-checked-element-behavior/-/iron-checked-element-behavior-3.0.0-pre.7.tgz#907612c0718a990fc21a58fbdca0bd3b5c041a4a"
  dependencies:
    "@polymer/iron-form-element-behavior" "^3.0.0-pre.7"
    "@polymer/iron-validatable-behavior" "^3.0.0-pre.7"
    "@polymer/polymer" "^3.0.0-pre.7"

"@polymer/iron-fit-behavior@^3.0.0-pre.15", "@polymer/iron-fit-behavior@^3.0.0-pre.7":
  version "3.0.0-pre.15"
  resolved "https://registry.yarnpkg.com/@polymer/iron-fit-behavior/-/iron-fit-behavior-3.0.0-pre.15.tgz#16f37d61faa1e7d0511eca54376342098ce38512"
  dependencies:
    "@polymer/polymer" "^3.0.0-pre.13"

"@polymer/iron-flex-layout@3.0.0-pre.7", "@polymer/iron-flex-layout@^3.0.0-pre.15", "@polymer/iron-flex-layout@^3.0.0-pre.7":
  version "3.0.0-pre.7"
  resolved "https://registry.yarnpkg.com/@polymer/iron-flex-layout/-/iron-flex-layout-3.0.0-pre.7.tgz#38806ef3b8fe4f9ea8ccfc6062dd3d9314c6a2a8"
  dependencies:
    "@polymer/polymer" "^3.0.0-pre.7"

"@polymer/iron-form-element-behavior@3.0.0-pre.7", "@polymer/iron-form-element-behavior@^3.0.0-pre.7":
  version "3.0.0-pre.7"
  resolved "https://registry.yarnpkg.com/@polymer/iron-form-element-behavior/-/iron-form-element-behavior-3.0.0-pre.7.tgz#de75642246411e06f53b225f150d7218b6b9db4b"
  dependencies:
    "@polymer/polymer" "^3.0.0-pre.7"

"@polymer/iron-icon@3.0.0-pre.7", "@polymer/iron-icon@^3.0.0-pre.1", "@polymer/iron-icon@^3.0.0-pre.7":
  version "3.0.0-pre.7"
  resolved "https://registry.yarnpkg.com/@polymer/iron-icon/-/iron-icon-3.0.0-pre.7.tgz#2a964c21b3450159abe06d08cb46596484950f06"
  dependencies:
    "@polymer/iron-flex-layout" "^3.0.0-pre.7"
    "@polymer/iron-meta" "^3.0.0-pre.7"
    "@polymer/polymer" "^3.0.0-pre.7"

"@polymer/iron-icons@3.0.0-pre.7", "@polymer/iron-icons@^3.0.0-pre.1":
  version "3.0.0-pre.7"
  resolved "https://registry.yarnpkg.com/@polymer/iron-icons/-/iron-icons-3.0.0-pre.7.tgz#19d6942ed30ba7241641a9cfc7050907f0c70f10"
  dependencies:
    "@polymer/iron-icon" "^3.0.0-pre.7"
    "@polymer/iron-iconset-svg" "^3.0.0-pre.7"
    "@polymer/polymer" "^3.0.0-pre.7"

"@polymer/iron-iconset-svg@3.0.0-pre.7", "@polymer/iron-iconset-svg@^3.0.0-pre.1", "@polymer/iron-iconset-svg@^3.0.0-pre.7":
  version "3.0.0-pre.7"
  resolved "https://registry.yarnpkg.com/@polymer/iron-iconset-svg/-/iron-iconset-svg-3.0.0-pre.7.tgz#a451445942ba5e3254569ae3798a0656ff6912d0"
  dependencies:
    "@polymer/iron-meta" "^3.0.0-pre.7"
    "@polymer/polymer" "^3.0.0-pre.7"

"@polymer/iron-input@3.0.0-pre.7", "@polymer/iron-input@^3.0.0-pre.7":
  version "3.0.0-pre.7"
  resolved "https://registry.yarnpkg.com/@polymer/iron-input/-/iron-input-3.0.0-pre.7.tgz#e618bc7f40264eda2b4d58b72458b6730b52c1a1"
  dependencies:
    "@polymer/iron-a11y-announcer" "^3.0.0-pre.7"
    "@polymer/iron-validatable-behavior" "^3.0.0-pre.7"
    "@polymer/polymer" "^3.0.0-pre.7"

"@polymer/iron-location@3.0.0-pre.7", "@polymer/iron-location@^3.0.0-pre.7":
  version "3.0.0-pre.7"
  resolved "https://registry.yarnpkg.com/@polymer/iron-location/-/iron-location-3.0.0-pre.7.tgz#3d6ee5d44fd005b0e728072e73755b263aa80845"
  dependencies:
    "@polymer/polymer" "^3.0.0-pre.7"

"@polymer/iron-media-query@3.0.0-pre.7", "@polymer/iron-media-query@^3.0.0-pre.7":
  version "3.0.0-pre.7"
  resolved "https://registry.yarnpkg.com/@polymer/iron-media-query/-/iron-media-query-3.0.0-pre.7.tgz#cd0da2aee4fe802e65ae41655d79b1ebcc0867da"
  dependencies:
    "@polymer/polymer" "^3.0.0-pre.7"

"@polymer/iron-menu-behavior@3.0.0-pre.7", "@polymer/iron-menu-behavior@^3.0.0-pre.7":
  version "3.0.0-pre.7"
  resolved "https://registry.yarnpkg.com/@polymer/iron-menu-behavior/-/iron-menu-behavior-3.0.0-pre.7.tgz#22109d14b53a3a888b88e06d8b227055e45f0900"
  dependencies:
    "@polymer/iron-a11y-keys-behavior" "^3.0.0-pre.7"
    "@polymer/iron-flex-layout" "^3.0.0-pre.7"
    "@polymer/iron-selector" "^3.0.0-pre.7"
    "@polymer/polymer" "^3.0.0-pre.7"

"@polymer/iron-meta@3.0.0-pre.7", "@polymer/iron-meta@^3.0.0-pre.15", "@polymer/iron-meta@^3.0.0-pre.7":
  version "3.0.0-pre.7"
  resolved "https://registry.yarnpkg.com/@polymer/iron-meta/-/iron-meta-3.0.0-pre.7.tgz#201d330a27440a425a238a66dd1e64e8b7e2ed5f"
  dependencies:
    "@polymer/polymer" "^3.0.0-pre.7"

"@polymer/iron-overlay-behavior@^3.0.0-pre.7":
  version "3.0.0-pre.15"
  resolved "https://registry.yarnpkg.com/@polymer/iron-overlay-behavior/-/iron-overlay-behavior-3.0.0-pre.15.tgz#3df84784d64e1c41cc75ec473b084e84a0fcdac0"
  dependencies:
    "@polymer/iron-a11y-keys-behavior" "^3.0.0-pre.15"
    "@polymer/iron-fit-behavior" "^3.0.0-pre.15"
    "@polymer/iron-resizable-behavior" "^3.0.0-pre.15"
    "@polymer/polymer" "^3.0.0-pre.13"

"@polymer/iron-pages@3.0.0-pre.7":
  version "3.0.0-pre.7"
  resolved "https://registry.yarnpkg.com/@polymer/iron-pages/-/iron-pages-3.0.0-pre.7.tgz#717531d458bbd6b265235459b17c68c3499c6487"
  dependencies:
    "@polymer/iron-resizable-behavior" "^3.0.0-pre.7"
    "@polymer/iron-selector" "^3.0.0-pre.7"
    "@polymer/polymer" "^3.0.0-pre.7"

"@polymer/iron-resizable-behavior@3.0.0-pre.7", "@polymer/iron-resizable-behavior@^3.0.0-pre.15", "@polymer/iron-resizable-behavior@^3.0.0-pre.7":
  version "3.0.0-pre.7"
  resolved "https://registry.yarnpkg.com/@polymer/iron-resizable-behavior/-/iron-resizable-behavior-3.0.0-pre.7.tgz#0162c6a7bff1c002f9af6fb960e5486735ccb883"
  dependencies:
    "@polymer/polymer" "^3.0.0-pre.7"

"@polymer/iron-scroll-target-behavior@^3.0.0-pre.7":
  version "3.0.0-pre.15"
  resolved "https://registry.yarnpkg.com/@polymer/iron-scroll-target-behavior/-/iron-scroll-target-behavior-3.0.0-pre.15.tgz#7766780cd060fdddbbd7d06f89b0550f9f6af342"
  dependencies:
    "@polymer/polymer" "^3.0.0-pre.13"

"@polymer/iron-selector@3.0.0-pre.7", "@polymer/iron-selector@^3.0.0-pre.7":
  version "3.0.0-pre.7"
  resolved "https://registry.yarnpkg.com/@polymer/iron-selector/-/iron-selector-3.0.0-pre.7.tgz#9f1f0e4dc14fdac6858c77aafe627b63f18c4c9f"
  dependencies:
    "@polymer/polymer" "^3.0.0-pre.7"

"@polymer/iron-validatable-behavior@3.0.0-pre.7", "@polymer/iron-validatable-behavior@^3.0.0-pre.15", "@polymer/iron-validatable-behavior@^3.0.0-pre.7":
  version "3.0.0-pre.7"
  resolved "https://registry.yarnpkg.com/@polymer/iron-validatable-behavior/-/iron-validatable-behavior-3.0.0-pre.7.tgz#f970b1be66d4f0eb68241fc7717a4bde2e167578"
  dependencies:
    "@polymer/iron-meta" "^3.0.0-pre.7"
    "@polymer/polymer" "^3.0.0-pre.7"

"@polymer/paper-behaviors@3.0.0-pre.7", "@polymer/paper-behaviors@^3.0.0-pre.7":
  version "3.0.0-pre.7"
  resolved "https://registry.yarnpkg.com/@polymer/paper-behaviors/-/paper-behaviors-3.0.0-pre.7.tgz#5cb7771c39cc9316213423de5106cf9fbd52dd42"
  dependencies:
    "@polymer/iron-behaviors" "^3.0.0-pre.7"
    "@polymer/iron-checked-element-behavior" "^3.0.0-pre.7"
    "@polymer/paper-ripple" "^3.0.0-pre.7"
    "@polymer/polymer" "^3.0.0-pre.7"

"@polymer/paper-button@3.0.0-pre.7":
  version "3.0.0-pre.7"
  resolved "https://registry.yarnpkg.com/@polymer/paper-button/-/paper-button-3.0.0-pre.7.tgz#54ff76a7e0ccb7fdcd90f94fc1d815f47a7aa580"
  dependencies:
    "@polymer/iron-flex-layout" "^3.0.0-pre.7"
    "@polymer/paper-behaviors" "^3.0.0-pre.7"
    "@polymer/paper-styles" "^3.0.0-pre.7"
    "@polymer/polymer" "^3.0.0-pre.7"

"@polymer/paper-checkbox@3.0.0-pre.7":
  version "3.0.0-pre.7"
  resolved "https://registry.yarnpkg.com/@polymer/paper-checkbox/-/paper-checkbox-3.0.0-pre.7.tgz#c80ee6b318e28bcc2bcaed65c81d6eeb5ae60e74"
  dependencies:
    "@polymer/iron-a11y-keys-behavior" "^3.0.0-pre.7"
    "@polymer/iron-checked-element-behavior" "^3.0.0-pre.7"
    "@polymer/paper-behaviors" "^3.0.0-pre.7"
    "@polymer/paper-ripple" "^3.0.0-pre.7"
    "@polymer/paper-styles" "^3.0.0-pre.7"
    "@polymer/polymer" "^3.0.0-pre.7"

"@polymer/paper-icon-button@3.0.0-pre.7", "@polymer/paper-icon-button@^3.0.0-pre.1", "@polymer/paper-icon-button@^3.0.0-pre.7":
  version "3.0.0-pre.7"
  resolved "https://registry.yarnpkg.com/@polymer/paper-icon-button/-/paper-icon-button-3.0.0-pre.7.tgz#db070203a58de1ef841b7ffe2972c58b05150e68"
  dependencies:
    "@polymer/iron-icon" "^3.0.0-pre.7"
    "@polymer/paper-behaviors" "^3.0.0-pre.7"
    "@polymer/paper-styles" "^3.0.0-pre.7"
    "@polymer/polymer" "^3.0.0-pre.7"

"@polymer/paper-input@3.0.0-pre.7":
  version "3.0.0-pre.7"
  resolved "https://registry.yarnpkg.com/@polymer/paper-input/-/paper-input-3.0.0-pre.7.tgz#4b0a80fba80ff0810f73ae31c687b6b66a3511ed"
  dependencies:
    "@polymer/iron-a11y-keys-behavior" "^3.0.0-pre.7"
    "@polymer/iron-autogrow-textarea" "^3.0.0-pre.7"
    "@polymer/iron-behaviors" "^3.0.0-pre.7"
    "@polymer/iron-form-element-behavior" "^3.0.0-pre.7"
    "@polymer/iron-input" "^3.0.0-pre.7"
    "@polymer/paper-styles" "^3.0.0-pre.7"
    "@polymer/polymer" "^3.0.0-pre.7"

"@polymer/paper-material@3.0.0-pre.7":
  version "3.0.0-pre.7"
  resolved "https://registry.yarnpkg.com/@polymer/paper-material/-/paper-material-3.0.0-pre.7.tgz#c15358e09c47f3f3b364df22534eba1f349d6b21"
  dependencies:
    "@polymer/paper-styles" "^3.0.0-pre.7"
    "@polymer/polymer" "^3.0.0-pre.7"

"@polymer/paper-ripple@3.0.0-pre.7", "@polymer/paper-ripple@^3.0.0-pre.7":
  version "3.0.0-pre.7"
  resolved "https://registry.yarnpkg.com/@polymer/paper-ripple/-/paper-ripple-3.0.0-pre.7.tgz#8ea300282dc78c5a1f7c00e3d683deec76f3ce85"
  dependencies:
    "@polymer/iron-a11y-keys-behavior" "^3.0.0-pre.7"
    "@polymer/polymer" "^3.0.0-pre.7"

"@polymer/paper-spinner@3.0.0-pre.7":
  version "3.0.0-pre.7"
  resolved "https://registry.yarnpkg.com/@polymer/paper-spinner/-/paper-spinner-3.0.0-pre.7.tgz#1a2aca26db246e9e2acff8ec24cc20b0cfc41986"
  dependencies:
    "@polymer/paper-styles" "^3.0.0-pre.7"
    "@polymer/polymer" "^3.0.0-pre.7"

"@polymer/paper-styles@3.0.0-pre.7", "@polymer/paper-styles@^3.0.0-pre.7":
  version "3.0.0-pre.7"
  resolved "https://registry.yarnpkg.com/@polymer/paper-styles/-/paper-styles-3.0.0-pre.7.tgz#3a0df9190708c227392be11b65205dc5e56fd263"
  dependencies:
    "@polymer/font-roboto" "^3.0.0-pre.7"
    "@polymer/iron-flex-layout" "^3.0.0-pre.7"
    "@polymer/polymer" "^3.0.0-pre.7"

"@polymer/paper-tabs@3.0.0-pre.7":
  version "3.0.0-pre.7"
  resolved "https://registry.yarnpkg.com/@polymer/paper-tabs/-/paper-tabs-3.0.0-pre.7.tgz#0447367eef9635af7cead8b6ed3529b4fc152d6b"
  dependencies:
    "@polymer/iron-behaviors" "^3.0.0-pre.7"
    "@polymer/iron-flex-layout" "^3.0.0-pre.7"
    "@polymer/iron-icon" "^3.0.0-pre.7"
    "@polymer/iron-iconset-svg" "^3.0.0-pre.7"
    "@polymer/iron-menu-behavior" "^3.0.0-pre.7"
    "@polymer/iron-resizable-behavior" "^3.0.0-pre.7"
    "@polymer/paper-behaviors" "^3.0.0-pre.7"
    "@polymer/paper-icon-button" "^3.0.0-pre.7"
    "@polymer/paper-styles" "^3.0.0-pre.7"
    "@polymer/polymer" "^3.0.0-pre.7"

"@polymer/paper-toast@3.0.0-pre.7":
  version "3.0.0-pre.7"
  resolved "https://registry.yarnpkg.com/@polymer/paper-toast/-/paper-toast-3.0.0-pre.7.tgz#141382f3547f2d0df22bfc20c37f8c79bf7a6dbd"
  dependencies:
    "@polymer/iron-a11y-announcer" "^3.0.0-pre.7"
    "@polymer/iron-fit-behavior" "^3.0.0-pre.7"
    "@polymer/iron-overlay-behavior" "^3.0.0-pre.7"
    "@polymer/polymer" "^3.0.0-pre.7"

"@polymer/polymer@3.0.0-pre.7", "@polymer/polymer@^3.0.0-pre.1", "@polymer/polymer@^3.0.0-pre.13", "@polymer/polymer@^3.0.0-pre.7":
  version "3.0.0-pre.7"
  resolved "https://registry.yarnpkg.com/@polymer/polymer/-/polymer-3.0.0-pre.7.tgz#c1e9720e47fae91d5e79f40064c12c97df19935f"
  dependencies:
    "@webcomponents/shadycss" "^1.0.0"
    "@webcomponents/webcomponentsjs" "^1.0.0"

"@ucd-lib/cork-app-elastic-search@0.2.1":
  version "0.2.1"
  resolved "https://registry.yarnpkg.com/@ucd-lib/cork-app-elastic-search/-/cork-app-elastic-search-0.2.1.tgz#e97e885e425748e6099421c2604219685055bfdd"
  dependencies:
    "@ucd-lib/cork-app-utils" "^2.0.4"
    clone "^2.1.1"

"@ucd-lib/cork-app-state@0.0.15":
  version "0.0.15"
  resolved "https://registry.yarnpkg.com/@ucd-lib/cork-app-state/-/cork-app-state-0.0.15.tgz#908472e2424653592aec06f0f42cfad6e6ca1834"
  dependencies:
    "@polymer/app-route" "^3.0.0-pre.1"
    "@polymer/polymer" "^3.0.0-pre.1"
    "@ucd-lib/cork-app-utils" "^2.0.3"
    query-string "^5.0.1"

"@ucd-lib/cork-app-utils@2.0.5", "@ucd-lib/cork-app-utils@^2.0.3", "@ucd-lib/cork-app-utils@^2.0.4":
  version "2.0.5"
  resolved "https://registry.yarnpkg.com/@ucd-lib/cork-app-utils/-/cork-app-utils-2.0.5.tgz#6bda51bbac0a9b79eec539a6ed4a579640185f0d"
  dependencies:
    fs-extra "^4.0.2"
    isomorphic-fetch "^2.2.1"

"@ucd-lib/cork-pagination@2.0.1":
  version "2.0.1"
  resolved "https://registry.yarnpkg.com/@ucd-lib/cork-pagination/-/cork-pagination-2.0.1.tgz#805a7b365ddaed8deb461bce2ae632c297bbc770"
  dependencies:
    "@polymer/iron-icons" "^3.0.0-pre.1"
    "@polymer/paper-icon-button" "^3.0.0-pre.1"
    "@polymer/polymer" "^3.0.0-pre.1"

"@ucd-lib/cork-toggle-panel@2.0.1":
  version "2.0.1"
  resolved "https://registry.yarnpkg.com/@ucd-lib/cork-toggle-panel/-/cork-toggle-panel-2.0.1.tgz#7d52ebbe8a0d14ee7418af4c5594c4179c38eebf"
  dependencies:
    "@polymer/iron-icon" "^3.0.0-pre.1"
    "@polymer/iron-icons" "^3.0.0-pre.1"
    "@polymer/polymer" "^3.0.0-pre.1"

"@ucd-lib/fin-icons@0.0.2":
  version "0.0.2"
  resolved "https://registry.yarnpkg.com/@ucd-lib/fin-icons/-/fin-icons-0.0.2.tgz#0a104bfa696b1ecb03d7204fd231b825d294a985"
  dependencies:
    "@polymer/iron-icon" "^3.0.0-pre.1"
    "@polymer/iron-iconset-svg" "^3.0.0-pre.1"
    "@polymer/polymer" "^3.0.0-pre.1"

"@ucd-lib/fin-search-box@0.0.9":
  version "0.0.9"
  resolved "https://registry.yarnpkg.com/@ucd-lib/fin-search-box/-/fin-search-box-0.0.9.tgz#f93967ddd3e8a0ff7ffa9f9010f007df15518725"
  dependencies:
    "@polymer/polymer" "^3.0.0-pre.1"

"@webcomponents/shadycss@1.2.0-0", "@webcomponents/shadycss@^1.0.0", "@webcomponents/shadycss@^1.2.0-0":
  version "1.2.0-0"
  resolved "https://registry.yarnpkg.com/@webcomponents/shadycss/-/shadycss-1.2.0-0.tgz#3c1dd63c934de6bb253abb6d13e658e5f08e3371"

"@webcomponents/webcomponentsjs@^1.0.0", "@webcomponents/webcomponentsjs@^1.0.12":
  version "1.2.0"
  resolved "https://registry.yarnpkg.com/@webcomponents/webcomponentsjs/-/webcomponentsjs-1.2.0.tgz#c9e129340c3e4637f5fa6505e968e85face7bd5b"

boom@5.2.0:
  version "5.2.0"
  resolved "https://registry.yarnpkg.com/boom/-/boom-5.2.0.tgz#5dd9da6ee3a5f302077436290cb717d3f4a54e02"
  dependencies:
    hoek "4.x.x"

bytes@^3.0.0:
  version "3.0.0"
  resolved "https://registry.yarnpkg.com/bytes/-/bytes-3.0.0.tgz#d32815404d689699f85a4ea4fa8755dd13a96048"

citeproc@^2.1.200:
  version "2.1.204"
  resolved "https://registry.yarnpkg.com/citeproc/-/citeproc-2.1.204.tgz#d8d1aa1637883c0eafeabb5fed589054f6d02b25"

clone@^2.1.1:
  version "2.1.1"
  resolved "https://registry.yarnpkg.com/clone/-/clone-2.1.1.tgz#d217d1e961118e3ac9a4b8bba3285553bf647cdb"

decode-uri-component@^0.2.0:
  version "0.2.0"
  resolved "https://registry.yarnpkg.com/decode-uri-component/-/decode-uri-component-0.2.0.tgz#eb3913333458775cb84cd1a1fae062106bb87545"

deep-equal@^1.0.1:
  version "1.0.1"
  resolved "https://registry.yarnpkg.com/deep-equal/-/deep-equal-1.0.1.tgz#f5d260292b660e084eff4cdbc9f08ad3247448b5"

encoding@^0.1.11:
  version "0.1.12"
  resolved "https://registry.yarnpkg.com/encoding/-/encoding-0.1.12.tgz#538b66f3ee62cd1ab51ec323829d1f9480c74beb"
  dependencies:
    iconv-lite "~0.4.13"

fs-extra@^4.0.2:
  version "4.0.3"
  resolved "https://registry.yarnpkg.com/fs-extra/-/fs-extra-4.0.3.tgz#0d852122e5bc5beb453fb028e9c0c9bf36340c94"
  dependencies:
    graceful-fs "^4.1.2"
    jsonfile "^4.0.0"
    universalify "^0.1.0"

graceful-fs@^4.1.2, graceful-fs@^4.1.6:
  version "4.1.11"
  resolved "https://registry.yarnpkg.com/graceful-fs/-/graceful-fs-4.1.11.tgz#0e8bdfe4d1ddb8854d64e04ea7c00e2a026e5658"

hoek@4.x.x:
  version "4.2.1"
  resolved "https://registry.yarnpkg.com/hoek/-/hoek-4.2.1.tgz#9634502aa12c445dd5a7c5734b572bb8738aacbb"

iconv-lite@~0.4.13:
  version "0.4.21"
  resolved "https://registry.yarnpkg.com/iconv-lite/-/iconv-lite-0.4.21.tgz#c47f8733d02171189ebc4a400f3218d348094798"
  dependencies:
    safer-buffer "^2.1.0"

is-stream@^1.0.1:
  version "1.1.0"
  resolved "https://registry.yarnpkg.com/is-stream/-/is-stream-1.1.0.tgz#12d4a3dd4e68e0b79ceb8dbc84173ae80d91ca44"

isomorphic-fetch@^2.2.1:
  version "2.2.1"
  resolved "https://registry.yarnpkg.com/isomorphic-fetch/-/isomorphic-fetch-2.2.1.tgz#611ae1acf14f5e81f729507472819fe9733558a9"
  dependencies:
    node-fetch "^1.0.1"
    whatwg-fetch ">=0.10.0"

jsonfile@^4.0.0:
  version "4.0.0"
  resolved "https://registry.yarnpkg.com/jsonfile/-/jsonfile-4.0.0.tgz#8771aae0799b64076b76640fca058f9c10e33ecb"
  optionalDependencies:
    graceful-fs "^4.1.6"

leaflet@^1.2.0:
  version "1.3.1"
  resolved "https://registry.yarnpkg.com/leaflet/-/leaflet-1.3.1.tgz#86f336d2fb0e2d0ff446677049a5dc34cf0ea60e"

moment@^2.19.1:
  version "2.22.1"
  resolved "https://registry.yarnpkg.com/moment/-/moment-2.22.1.tgz#529a2e9bf973f259c9643d237fda84de3a26e8ad"

node-fetch@^1.0.1:
  version "1.7.3"
  resolved "https://registry.yarnpkg.com/node-fetch/-/node-fetch-1.7.3.tgz#980f6f72d85211a5347c6b2bc18c5b84c3eb47ef"
  dependencies:
    encoding "^0.1.11"
    is-stream "^1.0.1"

object-assign@^4.1.0:
  version "4.1.1"
  resolved "https://registry.yarnpkg.com/object-assign/-/object-assign-4.1.1.tgz#2109adc7965887cfc05cbbd442cac8bfbb360863"

query-string@^5.0.1:
  version "5.1.1"
  resolved "https://registry.yarnpkg.com/query-string/-/query-string-5.1.1.tgz#a78c012b71c17e05f2e3fa2319dd330682efb3cb"
  dependencies:
    decode-uri-component "^0.2.0"
    object-assign "^4.1.0"
    strict-uri-encode "^1.0.0"

safer-buffer@^2.1.0:
  version "2.1.2"
  resolved "https://registry.yarnpkg.com/safer-buffer/-/safer-buffer-2.1.2.tgz#44fa161b0187b9549dd84bb91802f9bd8385cd6a"

strict-uri-encode@^1.0.0:
  version "1.1.0"
  resolved "https://registry.yarnpkg.com/strict-uri-encode/-/strict-uri-encode-1.1.0.tgz#279b225df1d582b1f54e65addd4352e18faa0713"

striptags@^3.1.1:
  version "3.1.1"
  resolved "https://registry.yarnpkg.com/striptags/-/striptags-3.1.1.tgz#c8c3e7fdd6fb4bb3a32a3b752e5b5e3e38093ebd"

universalify@^0.1.0:
  version "0.1.1"
  resolved "https://registry.yarnpkg.com/universalify/-/universalify-0.1.1.tgz#fa71badd4437af4c148841e3b3b165f9e9e590b7"

whatwg-fetch@>=0.10.0:
  version "2.0.4"
  resolved "https://registry.yarnpkg.com/whatwg-fetch/-/whatwg-fetch-2.0.4.tgz#dde6a5df315f9d39991aa17621853d720b85566f"
